
Microsoft Visual Studio Solution File, Format Version 12.00
# Visual Studio Version 17
VisualStudioVersion = 17.14.36518.9
MinimumVisualStudioVersion = 10.0.40219.1
Project("{FAE04EC0-301F-11D3-BF4B-00C04F79EFBC}") = "HRM_API", "HRM_API\HRM_API.csproj", "{77257CB3-9BF7-466E-AB59-C93A384127FA}"
EndProject
Project("{FAE04EC0-301F-11D3-BF4B-00C04F79EFBC}") = "HRM_Client", "HRM_Client\HRM_Client.csproj", "{6EBE556D-21E7-44F9-8B1B-06E1359A38E6}"
EndProject
Global
	GlobalSection(SolutionConfigurationPlatforms) = preSolution
		Debug|Any CPU = Debug|Any CPU
		Debug|x64 = Debug|x64
		Debug|x86 = Debug|x86
		Release|Any CPU = Release|Any CPU
		Release|x64 = Release|x64
		Release|x86 = Release|x86
	EndGlobalSection
	GlobalSection(ProjectConfigurationPlatforms) = postSolution
		{77257CB3-9BF7-466E-AB59-C93A384127FA}.Debug|Any CPU.ActiveCfg = Debug|Any CPU
		{77257CB3-9BF7-466E-AB59-C93A384127FA}.Debug|Any CPU.Build.0 = Debug|Any CPU
		{77257CB3-9BF7-466E-AB59-C93A384127FA}.Debug|x64.ActiveCfg = Debug|Any CPU
		{77257CB3-9BF7-466E-AB59-C93A384127FA}.Debug|x64.Build.0 = Debug|Any CPU
		{77257CB3-9BF7-466E-AB59-C93A384127FA}.Debug|x86.ActiveCfg = Debug|Any CPU
		{77257CB3-9BF7-466E-AB59-C93A384127FA}.Debug|x86.Build.0 = Debug|Any CPU
		{77257CB3-9BF7-466E-AB59-C93A384127FA}.Release|Any CPU.ActiveCfg = Release|Any CPU
		{77257CB3-9BF7-466E-AB59-C93A384127FA}.Release|Any CPU.Build.0 = Release|Any CPU
		{77257CB3-9BF7-466E-AB59-C93A384127FA}.Release|x64.ActiveCfg = Release|Any CPU
		{77257CB3-9BF7-466E-AB59-C93A384127FA}.Release|x64.Build.0 = Release|Any CPU
		{77257CB3-9BF7-466E-AB59-C93A384127FA}.Release|x86.ActiveCfg = Release|Any CPU
		{77257CB3-9BF7-466E-AB59-C93A384127FA}.Release|x86.Build.0 = Release|Any CPU
		{6EBE556D-21E7-44F9-8B1B-06E1359A38E6}.Debug|Any CPU.ActiveCfg = Debug|Any CPU
		{6EBE556D-21E7-44F9-8B1B-06E1359A38E6}.Debug|Any CPU.Build.0 = Debug|Any CPU
		{6EBE556D-21E7-44F9-8B1B-06E1359A38E6}.Debug|x64.ActiveCfg = Debug|Any CPU
		{6EBE556D-21E7-44F9-8B1B-06E1359A38E6}.Debug|x64.Build.0 = Debug|Any CPU
		{6EBE556D-21E7-44F9-8B1B-06E1359A38E6}.Debug|x86.ActiveCfg = Debug|Any CPU
		{6EBE556D-21E7-44F9-8B1B-06E1359A38E6}.Debug|x86.Build.0 = Debug|Any CPU
		{6EBE556D-21E7-44F9-8B1B-06E1359A38E6}.Release|Any CPU.ActiveCfg = Release|Any CPU
		{6EBE556D-21E7-44F9-8B1B-06E1359A38E6}.Release|Any CPU.Build.0 = Release|Any CPU
		{6EBE556D-21E7-44F9-8B1B-06E1359A38E6}.Release|x64.ActiveCfg = Release|Any CPU
		{6EBE556D-21E7-44F9-8B1B-06E1359A38E6}.Release|x64.Build.0 = Release|Any CPU
		{6EBE556D-21E7-44F9-8B1B-06E1359A38E6}.Release|x86.ActiveCfg = Release|Any CPU
		{6EBE556D-21E7-44F9-8B1B-06E1359A38E6}.Release|x86.Build.0 = Release|Any CPU
	EndGlobalSection
	GlobalSection(SolutionProperties) = preSolution
		HideSolutionNode = FALSE
	EndGlobalSection
	GlobalSection(ExtensibilityGlobals) = postSolution
		SolutionGuid = {3A0E45BA-E612-497D-983C-D03A8F01A871}
	EndGlobalSection
EndGlobal
