
Microsoft Visual Studio Solution File, Format Version 12.00
# Visual Studio Version 17
VisualStudioVersion = 17.14.36511.14
MinimumVisualStudioVersion = 10.0.40219.1
Project("{FAE04EC0-301F-11D3-BF4B-00C04F79EFBC}") = "HRM_API", "HumanResourceManagement\HRM_API.csproj", "{552B4F91-E34C-47BC-A21D-B1254864F495}"
EndProject
Project("{FAE04EC0-301F-11D3-BF4B-00C04F79EFBC}") = "HRM_UI", "HRM_UI\HRM_UI.csproj", "{399FCD9D-3A82-4ADC-BE46-434C07E0BBBF}"
EndProject
Global
	GlobalSection(SolutionConfigurationPlatforms) = preSolution
		Debug|Any CPU = Debug|Any CPU
		Release|Any CPU = Release|Any CPU
	EndGlobalSection
	GlobalSection(ProjectConfigurationPlatforms) = postSolution
		{552B4F91-E34C-47BC-A21D-B1254864F495}.Debug|Any CPU.ActiveCfg = Debug|Any CPU
		{552B4F91-E34C-47BC-A21D-B1254864F495}.Debug|Any CPU.Build.0 = Debug|Any CPU
		{552B4F91-E34C-47BC-A21D-B1254864F495}.Release|Any CPU.ActiveCfg = Release|Any CPU
		{552B4F91-E34C-47BC-A21D-B1254864F495}.Release|Any CPU.Build.0 = Release|Any CPU
		{399FCD9D-3A82-4ADC-BE46-434C07E0BBBF}.Debug|Any CPU.ActiveCfg = Debug|Any CPU
		{399FCD9D-3A82-4ADC-BE46-434C07E0BBBF}.Debug|Any CPU.Build.0 = Debug|Any CPU
		{399FCD9D-3A82-4ADC-BE46-434C07E0BBBF}.Release|Any CPU.ActiveCfg = Release|Any CPU
		{399FCD9D-3A82-4ADC-BE46-434C07E0BBBF}.Release|Any CPU.Build.0 = Release|Any CPU
	EndGlobalSection
	GlobalSection(SolutionProperties) = preSolution
		HideSolutionNode = FALSE
	EndGlobalSection
	GlobalSection(ExtensibilityGlobals) = postSolution
		SolutionGuid = {7902AF56-5B8E-4309-A3CF-83D4EC97FCCA}
	EndGlobalSection
EndGlobal
